
Microsoft Visual Studio Solution File, Format Version 12.00
# Visual Studio Version 17
VisualStudioVersion = 17.3.32929.385
MinimumVisualStudioVersion = 10.0.40219.1
Project("{FAE04EC0-301F-11D3-BF4B-00C04F79EFBC}") = "RefactorUseCases", "RefactorUseCases.csproj", "{BF1C45CD-4776-43BD-8AE8-478A1F94F0FB}"
EndProject
Global
	GlobalSection(SolutionConfigurationPlatforms) = preSolution
		Debug|Any CPU = Debug|Any CPU
		Release|Any CPU = Release|Any CPU
	EndGlobalSection
	GlobalSection(ProjectConfigurationPlatforms) = postSolution
		{BF1C45CD-4776-43BD-8AE8-478A1F94F0FB}.Debug|Any CPU.ActiveCfg = Debug|Any CPU
		{BF1C45CD-4776-43BD-8AE8-478A1F94F0FB}.Debug|Any CPU.Build.0 = Debug|Any CPU
		{BF1C45CD-4776-43BD-8AE8-478A1F94F0FB}.Release|Any CPU.ActiveCfg = Release|Any CPU
		{BF1C45CD-4776-43BD-8AE8-478A1F94F0FB}.Release|Any CPU.Build.0 = Release|Any CPU
	EndGlobalSection
	GlobalSection(SolutionProperties) = preSolution
		HideSolutionNode = FALSE
	EndGlobalSection
	GlobalSection(ExtensibilityGlobals) = postSolution
		SolutionGuid = {3502A804-76B4-4EF5-8940-918C27638EB2}
	EndGlobalSection
EndGlobal
